
Microsoft Visual Studio Solution File, Format Version 12.00
# Visual Studio Version 16
VisualStudioVersion = 16.0.28803.352
MinimumVisualStudioVersion = 10.0.40219.1
Project("{FAE04EC0-301F-11D3-BF4B-00C04F79EFBC}") = "DisposableObject", "DisposableObject\DisposableObject.csproj", "{DD9ED28E-CE34-4E34-AD01-2F5870FC406B}"
EndProject
Global
	GlobalSection(SolutionConfigurationPlatforms) = preSolution
		Debug|Any CPU = Debug|Any CPU
		Release|Any CPU = Release|Any CPU
	EndGlobalSection
	GlobalSection(ProjectConfigurationPlatforms) = postSolution
		{DD9ED28E-CE34-4E34-AD01-2F5870FC406B}.Debug|Any CPU.ActiveCfg = Debug|Any CPU
		{DD9ED28E-CE34-4E34-AD01-2F5870FC406B}.Debug|Any CPU.Build.0 = Debug|Any CPU
		{DD9ED28E-CE34-4E34-AD01-2F5870FC406B}.Release|Any CPU.ActiveCfg = Release|Any CPU
		{DD9ED28E-CE34-4E34-AD01-2F5870FC406B}.Release|Any CPU.Build.0 = Release|Any CPU
	EndGlobalSection
	GlobalSection(SolutionProperties) = preSolution
		HideSolutionNode = FALSE
	EndGlobalSection
	GlobalSection(ExtensibilityGlobals) = postSolution
		SolutionGuid = {4C89E4CF-0F75-498A-9C67-B7CC19D76FA9}
	EndGlobalSection
EndGlobal
